// !$*UTF8*$!
{
	archiveVersion = 1;
	classes = {
	};
	objectVersion = 48;
	objects = {

/* Begin PBXBuildFile section */
		13ACA3B7870CEDD099B7504D /* Pods_The_ListenerTests.framework in Frameworks */ = {isa = PBXBuildFile; fileRef = 91512F8CE34368F277CD5EDE /* Pods_The_ListenerTests.framework */; };
		151B453D21983E0F00289C59 /* GoogleService-Info.plist in Resources */ = {isa = PBXBuildFile; fileRef = 151B453C21983E0F00289C59 /* GoogleService-Info.plist */; };
		154A6FF921A7F988005B553F /* ScannerViewController.swift in Sources */ = {isa = PBXBuildFile; fileRef = 154A6FF821A7F988005B553F /* ScannerViewController.swift */; };
		154A6FFB21A9479B005B553F /* SongDetailsViewController.swift in Sources */ = {isa = PBXBuildFile; fileRef = 154A6FFA21A9479A005B553F /* SongDetailsViewController.swift */; };
		157F3E47222D1F0D006A9B2C /* HomeTableViewController.swift in Sources */ = {isa = PBXBuildFile; fileRef = 157F3E46222D1F0D006A9B2C /* HomeTableViewController.swift */; };
		157F3E49222D2B81006A9B2C /* HomeTableViewCell.swift in Sources */ = {isa = PBXBuildFile; fileRef = 157F3E48222D2B81006A9B2C /* HomeTableViewCell.swift */; };
		157F3E4B222D3063006A9B2C /* HomeCollection.swift in Sources */ = {isa = PBXBuildFile; fileRef = 157F3E4A222D3063006A9B2C /* HomeCollection.swift */; };
		157F3E63222EF6BC006A9B2C /* SWRevealViewController.m in Sources */ = {isa = PBXBuildFile; fileRef = 157F3E61222EF6BB006A9B2C /* SWRevealViewController.m */; };
		157F3E8C222F021C006A9B2C /* MenuTableViewController.swift in Sources */ = {isa = PBXBuildFile; fileRef = 157F3E8B222F021C006A9B2C /* MenuTableViewController.swift */; };
		159FEE2B2181D10B005B0683 /* LoginViewController.swift in Sources */ = {isa = PBXBuildFile; fileRef = 159FEE2A2181D10B005B0683 /* LoginViewController.swift */; };
		159FEE3521821280005B0683 /* ForgetViewController.swift in Sources */ = {isa = PBXBuildFile; fileRef = 159FEE3421821280005B0683 /* ForgetViewController.swift */; };
		15CA1D7621836FB60040163F /* ResendViewController.swift in Sources */ = {isa = PBXBuildFile; fileRef = 15CA1D7521836FB50040163F /* ResendViewController.swift */; };
		15CA1D78218386C00040163F /* RegisterViewController.swift in Sources */ = {isa = PBXBuildFile; fileRef = 15CA1D77218386C00040163F /* RegisterViewController.swift */; };
		15EA21E6222BD46E00692538 /* SearchViewController.swift in Sources */ = {isa = PBXBuildFile; fileRef = 15EA21E5222BD46E00692538 /* SearchViewController.swift */; };
		15EA21E8222BF3BC00692538 /* SearchTableViewController.swift in Sources */ = {isa = PBXBuildFile; fileRef = 15EA21E7222BF3BC00692538 /* SearchTableViewController.swift */; };
		610A49AA2166882300C22EA4 /* Dark Horse.mp3 in Resources */ = {isa = PBXBuildFile; fileRef = 610A49A92166882300C22EA4 /* Dark Horse.mp3 */; };
		610B79492144E86500AEEC0C /* AppDelegate.swift in Sources */ = {isa = PBXBuildFile; fileRef = 610B79482144E86500AEEC0C /* AppDelegate.swift */; };
		610B794B2144E86500AEEC0C /* ViewController.swift in Sources */ = {isa = PBXBuildFile; fileRef = 610B794A2144E86500AEEC0C /* ViewController.swift */; };
		610B794E2144E86500AEEC0C /* Main.storyboard in Resources */ = {isa = PBXBuildFile; fileRef = 610B794C2144E86500AEEC0C /* Main.storyboard */; };
		610B79512144E86500AEEC0C /* The_Listener.xcdatamodeld in Sources */ = {isa = PBXBuildFile; fileRef = 610B794F2144E86500AEEC0C /* The_Listener.xcdatamodeld */; };
		610B79532144E86500AEEC0C /* Assets.xcassets in Resources */ = {isa = PBXBuildFile; fileRef = 610B79522144E86500AEEC0C /* Assets.xcassets */; };
		610B79562144E86500AEEC0C /* LaunchScreen.storyboard in Resources */ = {isa = PBXBuildFile; fileRef = 610B79542144E86500AEEC0C /* LaunchScreen.storyboard */; };
		610B79612144E86500AEEC0C /* The_ListenerTests.swift in Sources */ = {isa = PBXBuildFile; fileRef = 610B79602144E86500AEEC0C /* The_ListenerTests.swift */; };
		610B796C2144E86500AEEC0C /* The_ListenerUITests.swift in Sources */ = {isa = PBXBuildFile; fileRef = 610B796B2144E86500AEEC0C /* The_ListenerUITests.swift */; };
		612840612157C945006E9A99 /* SongTableViewCell.swift in Sources */ = {isa = PBXBuildFile; fileRef = 612840602157C945006E9A99 /* SongTableViewCell.swift */; };
		612840652157D787006E9A99 /* Song.swift in Sources */ = {isa = PBXBuildFile; fileRef = 612840642157D787006E9A99 /* Song.swift */; };
		612840672157EB11006E9A99 /* SongViewController.swift in Sources */ = {isa = PBXBuildFile; fileRef = 612840662157EB11006E9A99 /* SongViewController.swift */; };
		615688822165E4480096C94F /* SongPlayerViewController.swift in Sources */ = {isa = PBXBuildFile; fileRef = 615688812165E4480096C94F /* SongPlayerViewController.swift */; };
		61568884216613120096C94F /* Havana.mp3 in Resources */ = {isa = PBXBuildFile; fileRef = 61568883216613120096C94F /* Havana.mp3 */; };
		61658A7821627BC500B5D46E /* First Time.mp3 in Resources */ = {isa = PBXBuildFile; fileRef = 61658A7521627BC400B5D46E /* First Time.mp3 */; };
		61658A7921627BC500B5D46E /* Problem.mp3 in Resources */ = {isa = PBXBuildFile; fileRef = 61658A7621627BC500B5D46E /* Problem.mp3 */; };
		752A595C3E7E791F8C79B8A3 /* Pods_The_Listener.framework in Frameworks */ = {isa = PBXBuildFile; fileRef = 5C294BB309707683BC74020F /* Pods_The_Listener.framework */; };
		7FB757D6773AA088D639F3AC /* Pods_The_ListenerUITests.framework in Frameworks */ = {isa = PBXBuildFile; fileRef = C6046AEE2D1EE942D7EA4F6F /* Pods_The_ListenerUITests.framework */; };
/* End PBXBuildFile section */

/* Begin PBXContainerItemProxy section */
		610B795D2144E86500AEEC0C /* PBXContainerItemProxy */ = {
			isa = PBXContainerItemProxy;
			containerPortal = 610B793D2144E86500AEEC0C /* Project object */;
			proxyType = 1;
			remoteGlobalIDString = 610B79442144E86500AEEC0C;
			remoteInfo = "The Listener";
		};
		610B79682144E86500AEEC0C /* PBXContainerItemProxy */ = {
			isa = PBXContainerItemProxy;
			containerPortal = 610B793D2144E86500AEEC0C /* Project object */;
			proxyType = 1;
			remoteGlobalIDString = 610B79442144E86500AEEC0C;
			remoteInfo = "The Listener";
		};
/* End PBXContainerItemProxy section */

/* Begin PBXFileReference section */
		151B453C21983E0F00289C59 /* GoogleService-Info.plist */ = {isa = PBXFileReference; fileEncoding = 4; lastKnownFileType = text.plist.xml; path = "GoogleService-Info.plist"; sourceTree = "<group>"; };
		154A6FF821A7F988005B553F /* ScannerViewController.swift */ = {isa = PBXFileReference; lastKnownFileType = sourcecode.swift; path = ScannerViewController.swift; sourceTree = "<group>"; };
		154A6FFA21A9479A005B553F /* SongDetailsViewController.swift */ = {isa = PBXFileReference; lastKnownFileType = sourcecode.swift; path = SongDetailsViewController.swift; sourceTree = "<group>"; };
		157F3E46222D1F0D006A9B2C /* HomeTableViewController.swift */ = {isa = PBXFileReference; lastKnownFileType = sourcecode.swift; path = HomeTableViewController.swift; sourceTree = "<group>"; };
		157F3E48222D2B81006A9B2C /* HomeTableViewCell.swift */ = {isa = PBXFileReference; lastKnownFileType = sourcecode.swift; path = HomeTableViewCell.swift; sourceTree = "<group>"; };
		157F3E4A222D3063006A9B2C /* HomeCollection.swift */ = {isa = PBXFileReference; lastKnownFileType = sourcecode.swift; path = HomeCollection.swift; sourceTree = "<group>"; };
		157F3E60222EF6BB006A9B2C /* The Listener-Bridging-Header.h */ = {isa = PBXFileReference; lastKnownFileType = sourcecode.c.h; path = "The Listener-Bridging-Header.h"; sourceTree = "<group>"; };
		157F3E61222EF6BB006A9B2C /* SWRevealViewController.m */ = {isa = PBXFileReference; fileEncoding = 4; lastKnownFileType = sourcecode.c.objc; path = SWRevealViewController.m; sourceTree = "<group>"; };
		157F3E62222EF6BC006A9B2C /* SWRevealViewController.h */ = {isa = PBXFileReference; fileEncoding = 4; lastKnownFileType = sourcecode.c.h; path = SWRevealViewController.h; sourceTree = "<group>"; };
		157F3E8B222F021C006A9B2C /* MenuTableViewController.swift */ = {isa = PBXFileReference; lastKnownFileType = sourcecode.swift; path = MenuTableViewController.swift; sourceTree = "<group>"; };
		159FEE2A2181D10B005B0683 /* LoginViewController.swift */ = {isa = PBXFileReference; lastKnownFileType = sourcecode.swift; path = LoginViewController.swift; sourceTree = "<group>"; };
		159FEE3421821280005B0683 /* ForgetViewController.swift */ = {isa = PBXFileReference; lastKnownFileType = sourcecode.swift; path = ForgetViewController.swift; sourceTree = "<group>"; };
		15CA1D7521836FB50040163F /* ResendViewController.swift */ = {isa = PBXFileReference; lastKnownFileType = sourcecode.swift; path = ResendViewController.swift; sourceTree = "<group>"; };
		15CA1D77218386C00040163F /* RegisterViewController.swift */ = {isa = PBXFileReference; lastKnownFileType = sourcecode.swift; path = RegisterViewController.swift; sourceTree = "<group>"; };
		15EA21E5222BD46E00692538 /* SearchViewController.swift */ = {isa = PBXFileReference; lastKnownFileType = sourcecode.swift; path = SearchViewController.swift; sourceTree = "<group>"; };
		15EA21E7222BF3BC00692538 /* SearchTableViewController.swift */ = {isa = PBXFileReference; lastKnownFileType = sourcecode.swift; path = SearchTableViewController.swift; sourceTree = "<group>"; };
		1E414369C16370F509036B20 /* Pods-The ListenerTests.release.xcconfig */ = {isa = PBXFileReference; includeInIndex = 1; lastKnownFileType = text.xcconfig; name = "Pods-The ListenerTests.release.xcconfig"; path = "Pods/Target Support Files/Pods-The ListenerTests/Pods-The ListenerTests.release.xcconfig"; sourceTree = "<group>"; };
		21907FF2E9C2E6507BA1890B /* Pods-The Listener.release.xcconfig */ = {isa = PBXFileReference; includeInIndex = 1; lastKnownFileType = text.xcconfig; name = "Pods-The Listener.release.xcconfig"; path = "Pods/Target Support Files/Pods-The Listener/Pods-The Listener.release.xcconfig"; sourceTree = "<group>"; };
		5C294BB309707683BC74020F /* Pods_The_Listener.framework */ = {isa = PBXFileReference; explicitFileType = wrapper.framework; includeInIndex = 0; path = Pods_The_Listener.framework; sourceTree = BUILT_PRODUCTS_DIR; };
		610A49A92166882300C22EA4 /* Dark Horse.mp3 */ = {isa = PBXFileReference; lastKnownFileType = audio.mp3; path = "Dark Horse.mp3"; sourceTree = "<group>"; };
		610B79452144E86500AEEC0C /* The Listener.app */ = {isa = PBXFileReference; explicitFileType = wrapper.application; includeInIndex = 0; path = "The Listener.app"; sourceTree = BUILT_PRODUCTS_DIR; };
		610B79482144E86500AEEC0C /* AppDelegate.swift */ = {isa = PBXFileReference; lastKnownFileType = sourcecode.swift; path = AppDelegate.swift; sourceTree = "<group>"; };
		610B794A2144E86500AEEC0C /* ViewController.swift */ = {isa = PBXFileReference; lastKnownFileType = sourcecode.swift; path = ViewController.swift; sourceTree = "<group>"; };
		610B794D2144E86500AEEC0C /* Base */ = {isa = PBXFileReference; lastKnownFileType = file.storyboard; name = Base; path = Base.lproj/Main.storyboard; sourceTree = "<group>"; };
		610B79502144E86500AEEC0C /* The_Listener.xcdatamodel */ = {isa = PBXFileReference; lastKnownFileType = wrapper.xcdatamodel; path = The_Listener.xcdatamodel; sourceTree = "<group>"; };
		610B79522144E86500AEEC0C /* Assets.xcassets */ = {isa = PBXFileReference; lastKnownFileType = folder.assetcatalog; path = Assets.xcassets; sourceTree = "<group>"; };
		610B79552144E86500AEEC0C /* Base */ = {isa = PBXFileReference; lastKnownFileType = file.storyboard; name = Base; path = Base.lproj/LaunchScreen.storyboard; sourceTree = "<group>"; };
		610B79572144E86500AEEC0C /* Info.plist */ = {isa = PBXFileReference; lastKnownFileType = text.plist.xml; path = Info.plist; sourceTree = "<group>"; };
		610B795C2144E86500AEEC0C /* The ListenerTests.xctest */ = {isa = PBXFileReference; explicitFileType = wrapper.cfbundle; includeInIndex = 0; path = "The ListenerTests.xctest"; sourceTree = BUILT_PRODUCTS_DIR; };
		610B79602144E86500AEEC0C /* The_ListenerTests.swift */ = {isa = PBXFileReference; lastKnownFileType = sourcecode.swift; path = The_ListenerTests.swift; sourceTree = "<group>"; };
		610B79622144E86500AEEC0C /* Info.plist */ = {isa = PBXFileReference; lastKnownFileType = text.plist.xml; path = Info.plist; sourceTree = "<group>"; };
		610B79672144E86500AEEC0C /* The ListenerUITests.xctest */ = {isa = PBXFileReference; explicitFileType = wrapper.cfbundle; includeInIndex = 0; path = "The ListenerUITests.xctest"; sourceTree = BUILT_PRODUCTS_DIR; };
		610B796B2144E86500AEEC0C /* The_ListenerUITests.swift */ = {isa = PBXFileReference; lastKnownFileType = sourcecode.swift; path = The_ListenerUITests.swift; sourceTree = "<group>"; };
		610B796D2144E86500AEEC0C /* Info.plist */ = {isa = PBXFileReference; lastKnownFileType = text.plist.xml; path = Info.plist; sourceTree = "<group>"; };
		612840602157C945006E9A99 /* SongTableViewCell.swift */ = {isa = PBXFileReference; lastKnownFileType = sourcecode.swift; path = SongTableViewCell.swift; sourceTree = "<group>"; };
		612840642157D787006E9A99 /* Song.swift */ = {isa = PBXFileReference; lastKnownFileType = sourcecode.swift; path = Song.swift; sourceTree = "<group>"; };
		612840662157EB11006E9A99 /* SongViewController.swift */ = {isa = PBXFileReference; lastKnownFileType = sourcecode.swift; path = SongViewController.swift; sourceTree = "<group>"; };
		615688812165E4480096C94F /* SongPlayerViewController.swift */ = {isa = PBXFileReference; lastKnownFileType = sourcecode.swift; path = SongPlayerViewController.swift; sourceTree = "<group>"; };
		61568883216613120096C94F /* Havana.mp3 */ = {isa = PBXFileReference; lastKnownFileType = audio.mp3; path = Havana.mp3; sourceTree = "<group>"; };
		61658A7521627BC400B5D46E /* First Time.mp3 */ = {isa = PBXFileReference; lastKnownFileType = audio.mp3; path = "First Time.mp3"; sourceTree = "<group>"; };
		61658A7621627BC500B5D46E /* Problem.mp3 */ = {isa = PBXFileReference; lastKnownFileType = audio.mp3; path = Problem.mp3; sourceTree = "<group>"; };
		82C609B2F32B17709480A09C /* Pods-The ListenerUITests.debug.xcconfig */ = {isa = PBXFileReference; includeInIndex = 1; lastKnownFileType = text.xcconfig; name = "Pods-The ListenerUITests.debug.xcconfig"; path = "Pods/Target Support Files/Pods-The ListenerUITests/Pods-The ListenerUITests.debug.xcconfig"; sourceTree = "<group>"; };
		91512F8CE34368F277CD5EDE /* Pods_The_ListenerTests.framework */ = {isa = PBXFileReference; explicitFileType = wrapper.framework; includeInIndex = 0; path = Pods_The_ListenerTests.framework; sourceTree = BUILT_PRODUCTS_DIR; };
		BE304A81F68A9231E1348B34 /* Pods-The ListenerTests.debug.xcconfig */ = {isa = PBXFileReference; includeInIndex = 1; lastKnownFileType = text.xcconfig; name = "Pods-The ListenerTests.debug.xcconfig"; path = "Pods/Target Support Files/Pods-The ListenerTests/Pods-The ListenerTests.debug.xcconfig"; sourceTree = "<group>"; };
		C6046AEE2D1EE942D7EA4F6F /* Pods_The_ListenerUITests.framework */ = {isa = PBXFileReference; explicitFileType = wrapper.framework; includeInIndex = 0; path = Pods_The_ListenerUITests.framework; sourceTree = BUILT_PRODUCTS_DIR; };
		CEE74C2039D869B88E7C23CD /* Pods-The Listener.debug.xcconfig */ = {isa = PBXFileReference; includeInIndex = 1; lastKnownFileType = text.xcconfig; name = "Pods-The Listener.debug.xcconfig"; path = "Pods/Target Support Files/Pods-The Listener/Pods-The Listener.debug.xcconfig"; sourceTree = "<group>"; };
		E36C840BA01FA273186CD58B /* Pods-The ListenerUITests.release.xcconfig */ = {isa = PBXFileReference; includeInIndex = 1; lastKnownFileType = text.xcconfig; name = "Pods-The ListenerUITests.release.xcconfig"; path = "Pods/Target Support Files/Pods-The ListenerUITests/Pods-The ListenerUITests.release.xcconfig"; sourceTree = "<group>"; };
/* End PBXFileReference section */

/* Begin PBXFrameworksBuildPhase section */
		610B79422144E86500AEEC0C /* Frameworks */ = {
			isa = PBXFrameworksBuildPhase;
			buildActionMask = 2147483647;
			files = (
				752A595C3E7E791F8C79B8A3 /* Pods_The_Listener.framework in Frameworks */,
			);
			runOnlyForDeploymentPostprocessing = 0;
		};
		610B79592144E86500AEEC0C /* Frameworks */ = {
			isa = PBXFrameworksBuildPhase;
			buildActionMask = 2147483647;
			files = (
				13ACA3B7870CEDD099B7504D /* Pods_The_ListenerTests.framework in Frameworks */,
			);
			runOnlyForDeploymentPostprocessing = 0;
		};
		610B79642144E86500AEEC0C /* Frameworks */ = {
			isa = PBXFrameworksBuildPhase;
			buildActionMask = 2147483647;
			files = (
				7FB757D6773AA088D639F3AC /* Pods_The_ListenerUITests.framework in Frameworks */,
			);
			runOnlyForDeploymentPostprocessing = 0;
		};
/* End PBXFrameworksBuildPhase section */

/* Begin PBXGroup section */
		157F3E4C222D3072006A9B2C /* Data Model */ = {
			isa = PBXGroup;
			children = (
				157F3E4A222D3063006A9B2C /* HomeCollection.swift */,
				612840642157D787006E9A99 /* Song.swift */,
			);
			path = "Data Model";
			sourceTree = "<group>";
		};
		157F3E57222ED6D4006A9B2C /* Side Menu */ = {
			isa = PBXGroup;
			children = (
				157F3E46222D1F0D006A9B2C /* HomeTableViewController.swift */,
				157F3E8B222F021C006A9B2C /* MenuTableViewController.swift */,
			);
			path = "Side Menu";
			sourceTree = "<group>";
		};
		157F3E5F222EF675006A9B2C /* swReveal */ = {
			isa = PBXGroup;
			children = (
				157F3E62222EF6BC006A9B2C /* SWRevealViewController.h */,
				157F3E61222EF6BB006A9B2C /* SWRevealViewController.m */,
			);
			path = swReveal;
			sourceTree = "<group>";
		};
		610B793C2144E86500AEEC0C = {
			isa = PBXGroup;
			children = (
				610B79472144E86500AEEC0C /* The Listener */,
				610B795F2144E86500AEEC0C /* The ListenerTests */,
				610B796A2144E86500AEEC0C /* The ListenerUITests */,
				610B79462144E86500AEEC0C /* Products */,
				ABBE5DADB950038E43964786 /* Pods */,
				C1B0ECEE79DFD2797F7E2E29 /* Frameworks */,
			);
			sourceTree = "<group>";
		};
		610B79462144E86500AEEC0C /* Products */ = {
			isa = PBXGroup;
			children = (
				610B79452144E86500AEEC0C /* The Listener.app */,
				610B795C2144E86500AEEC0C /* The ListenerTests.xctest */,
				610B79672144E86500AEEC0C /* The ListenerUITests.xctest */,
			);
			name = Products;
			sourceTree = "<group>";
		};
		610B79472144E86500AEEC0C /* The Listener */ = {
			isa = PBXGroup;
			children = (
				610B79482144E86500AEEC0C /* AppDelegate.swift */,
				610B794A2144E86500AEEC0C /* ViewController.swift */,
				612840602157C945006E9A99 /* SongTableViewCell.swift */,
				610B794C2144E86500AEEC0C /* Main.storyboard */,
				157F3E48222D2B81006A9B2C /* HomeTableViewCell.swift */,
				15EA21E7222BF3BC00692538 /* SearchTableViewController.swift */,
				15EA21E5222BD46E00692538 /* SearchViewController.swift */,
				154A6FFA21A9479A005B553F /* SongDetailsViewController.swift */,
				154A6FF821A7F988005B553F /* ScannerViewController.swift */,
				15CA1D77218386C00040163F /* RegisterViewController.swift */,
				15CA1D7521836FB50040163F /* ResendViewController.swift */,
				159FEE3421821280005B0683 /* ForgetViewController.swift */,
				159FEE2A2181D10B005B0683 /* LoginViewController.swift */,
				157F3E57222ED6D4006A9B2C /* Side Menu */,
				157F3E4C222D3072006A9B2C /* Data Model */,
				157F3E5F222EF675006A9B2C /* swReveal */,
				615688812165E4480096C94F /* SongPlayerViewController.swift */,
				612840662157EB11006E9A99 /* SongViewController.swift */,
				610B79522144E86500AEEC0C /* Assets.xcassets */,
				610B79542144E86500AEEC0C /* LaunchScreen.storyboard */,
				610B79572144E86500AEEC0C /* Info.plist */,
				151B453C21983E0F00289C59 /* GoogleService-Info.plist */,
				157F3E60222EF6BB006A9B2C /* The Listener-Bridging-Header.h */,
				610B794F2144E86500AEEC0C /* The_Listener.xcdatamodeld */,
				61658A7321627B0600B5D46E /* Songs */,
			);
			path = "The Listener";
			sourceTree = "<group>";
		};
		610B795F2144E86500AEEC0C /* The ListenerTests */ = {
			isa = PBXGroup;
			children = (
				610B79602144E86500AEEC0C /* The_ListenerTests.swift */,
				610B79622144E86500AEEC0C /* Info.plist */,
			);
			path = "The ListenerTests";
			sourceTree = "<group>";
		};
		610B796A2144E86500AEEC0C /* The ListenerUITests */ = {
			isa = PBXGroup;
			children = (
				610B796B2144E86500AEEC0C /* The_ListenerUITests.swift */,
				610B796D2144E86500AEEC0C /* Info.plist */,
			);
			path = "The ListenerUITests";
			sourceTree = "<group>";
		};
		61658A7321627B0600B5D46E /* Songs */ = {
			isa = PBXGroup;
			children = (
				610A49A92166882300C22EA4 /* Dark Horse.mp3 */,
				61568883216613120096C94F /* Havana.mp3 */,
				61658A7521627BC400B5D46E /* First Time.mp3 */,
				61658A7621627BC500B5D46E /* Problem.mp3 */,
			);
			path = Songs;
			sourceTree = "<group>";
		};
		ABBE5DADB950038E43964786 /* Pods */ = {
			isa = PBXGroup;
			children = (
				CEE74C2039D869B88E7C23CD /* Pods-The Listener.debug.xcconfig */,
				21907FF2E9C2E6507BA1890B /* Pods-The Listener.release.xcconfig */,
				BE304A81F68A9231E1348B34 /* Pods-The ListenerTests.debug.xcconfig */,
				1E414369C16370F509036B20 /* Pods-The ListenerTests.release.xcconfig */,
				82C609B2F32B17709480A09C /* Pods-The ListenerUITests.debug.xcconfig */,
				E36C840BA01FA273186CD58B /* Pods-The ListenerUITests.release.xcconfig */,
			);
			name = Pods;
			sourceTree = "<group>";
		};
		C1B0ECEE79DFD2797F7E2E29 /* Frameworks */ = {
			isa = PBXGroup;
			children = (
				5C294BB309707683BC74020F /* Pods_The_Listener.framework */,
				91512F8CE34368F277CD5EDE /* Pods_The_ListenerTests.framework */,
				C6046AEE2D1EE942D7EA4F6F /* Pods_The_ListenerUITests.framework */,
			);
			name = Frameworks;
			sourceTree = "<group>";
		};
/* End PBXGroup section */

/* Begin PBXNativeTarget section */
		610B79442144E86500AEEC0C /* The Listener */ = {
			isa = PBXNativeTarget;
			buildConfigurationList = 610B79702144E86500AEEC0C /* Build configuration list for PBXNativeTarget "The Listener" */;
			buildPhases = (
				5ADB33CE4B784FE6E58AB859 /* [CP] Check Pods Manifest.lock */,
				610B79412144E86500AEEC0C /* Sources */,
				610B79422144E86500AEEC0C /* Frameworks */,
				610B79432144E86500AEEC0C /* Resources */,
				0970B3FB7B37FA8B8C6AE3C6 /* [CP] Embed Pods Frameworks */,
			);
			buildRules = (
			);
			dependencies = (
			);
			name = "The Listener";
			productName = "The Listener";
			productReference = 610B79452144E86500AEEC0C /* The Listener.app */;
			productType = "com.apple.product-type.application";
		};
		610B795B2144E86500AEEC0C /* The ListenerTests */ = {
			isa = PBXNativeTarget;
			buildConfigurationList = 610B79732144E86500AEEC0C /* Build configuration list for PBXNativeTarget "The ListenerTests" */;
			buildPhases = (
				0067191BD1AFDE1FDB805D46 /* [CP] Check Pods Manifest.lock */,
				610B79582144E86500AEEC0C /* Sources */,
				610B79592144E86500AEEC0C /* Frameworks */,
				610B795A2144E86500AEEC0C /* Resources */,
			);
			buildRules = (
			);
			dependencies = (
				610B795E2144E86500AEEC0C /* PBXTargetDependency */,
			);
			name = "The ListenerTests";
			productName = "The ListenerTests";
			productReference = 610B795C2144E86500AEEC0C /* The ListenerTests.xctest */;
			productType = "com.apple.product-type.bundle.unit-test";
		};
		610B79662144E86500AEEC0C /* The ListenerUITests */ = {
			isa = PBXNativeTarget;
			buildConfigurationList = 610B79762144E86500AEEC0C /* Build configuration list for PBXNativeTarget "The ListenerUITests" */;
			buildPhases = (
				DFEDBFA0963B2F005128D7C8 /* [CP] Check Pods Manifest.lock */,
				610B79632144E86500AEEC0C /* Sources */,
				610B79642144E86500AEEC0C /* Frameworks */,
				610B79652144E86500AEEC0C /* Resources */,
			);
			buildRules = (
			);
			dependencies = (
				610B79692144E86500AEEC0C /* PBXTargetDependency */,
			);
			name = "The ListenerUITests";
			productName = "The ListenerUITests";
			productReference = 610B79672144E86500AEEC0C /* The ListenerUITests.xctest */;
			productType = "com.apple.product-type.bundle.ui-testing";
		};
/* End PBXNativeTarget section */

/* Begin PBXProject section */
		610B793D2144E86500AEEC0C /* Project object */ = {
			isa = PBXProject;
			attributes = {
				LastSwiftUpdateCheck = 0920;
				LastUpgradeCheck = 0920;
				ORGANIZATIONNAME = "Kantachat Puagkajee";
				TargetAttributes = {
					610B79442144E86500AEEC0C = {
						CreatedOnToolsVersion = 9.2;
						LastSwiftMigration = 1010;
						ProvisioningStyle = Automatic;
						SystemCapabilities = {
							com.apple.BackgroundModes = {
								enabled = 1;
							};
						};
					};
					610B795B2144E86500AEEC0C = {
						CreatedOnToolsVersion = 9.2;
						ProvisioningStyle = Automatic;
						TestTargetID = 610B79442144E86500AEEC0C;
					};
					610B79662144E86500AEEC0C = {
						CreatedOnToolsVersion = 9.2;
						ProvisioningStyle = Automatic;
						TestTargetID = 610B79442144E86500AEEC0C;
					};
				};
			};
			buildConfigurationList = 610B79402144E86500AEEC0C /* Build configuration list for PBXProject "The Listener" */;
			compatibilityVersion = "Xcode 8.0";
			developmentRegion = en;
			hasScannedForEncodings = 0;
			knownRegions = (
				en,
				Base,
			);
			mainGroup = 610B793C2144E86500AEEC0C;
			productRefGroup = 610B79462144E86500AEEC0C /* Products */;
			projectDirPath = "";
			projectRoot = "";
			targets = (
				610B79442144E86500AEEC0C /* The Listener */,
				610B795B2144E86500AEEC0C /* The ListenerTests */,
				610B79662144E86500AEEC0C /* The ListenerUITests */,
			);
		};
/* End PBXProject section */

/* Begin PBXResourcesBuildPhase section */
		610B79432144E86500AEEC0C /* Resources */ = {
			isa = PBXResourcesBuildPhase;
			buildActionMask = 2147483647;
			files = (
				61568884216613120096C94F /* Havana.mp3 in Resources */,
				151B453D21983E0F00289C59 /* GoogleService-Info.plist in Resources */,
				610B79562144E86500AEEC0C /* LaunchScreen.storyboard in Resources */,
				61658A7821627BC500B5D46E /* First Time.mp3 in Resources */,
				610B79532144E86500AEEC0C /* Assets.xcassets in Resources */,
				610B794E2144E86500AEEC0C /* Main.storyboard in Resources */,
				61658A7921627BC500B5D46E /* Problem.mp3 in Resources */,
				610A49AA2166882300C22EA4 /* Dark Horse.mp3 in Resources */,
			);
			runOnlyForDeploymentPostprocessing = 0;
		};
		610B795A2144E86500AEEC0C /* Resources */ = {
			isa = PBXResourcesBuildPhase;
			buildActionMask = 2147483647;
			files = (
			);
			runOnlyForDeploymentPostprocessing = 0;
		};
		610B79652144E86500AEEC0C /* Resources */ = {
			isa = PBXResourcesBuildPhase;
			buildActionMask = 2147483647;
			files = (
			);
			runOnlyForDeploymentPostprocessing = 0;
		};
/* End PBXResourcesBuildPhase section */

/* Begin PBXShellScriptBuildPhase section */
		0067191BD1AFDE1FDB805D46 /* [CP] Check Pods Manifest.lock */ = {
			isa = PBXShellScriptBuildPhase;
			buildActionMask = 2147483647;
			files = (
			);
			inputFileListPaths = (
			);
			inputPaths = (
				"${PODS_PODFILE_DIR_PATH}/Podfile.lock",
				"${PODS_ROOT}/Manifest.lock",
			);
			name = "[CP] Check Pods Manifest.lock";
			outputFileListPaths = (
			);
			outputPaths = (
				"$(DERIVED_FILE_DIR)/Pods-The ListenerTests-checkManifestLockResult.txt",
			);
			runOnlyForDeploymentPostprocessing = 0;
			shellPath = /bin/sh;
			shellScript = "diff \"${PODS_PODFILE_DIR_PATH}/Podfile.lock\" \"${PODS_ROOT}/Manifest.lock\" > /dev/null\nif [ $? != 0 ] ; then\n    # print error to STDERR\n    echo \"error: The sandbox is not in sync with the Podfile.lock. Run 'pod install' or update your CocoaPods installation.\" >&2\n    exit 1\nfi\n# This output is used by Xcode 'outputs' to avoid re-running this script phase.\necho \"SUCCESS\" > \"${SCRIPT_OUTPUT_FILE_0}\"\n";
			showEnvVarsInLog = 0;
		};
		0970B3FB7B37FA8B8C6AE3C6 /* [CP] Embed Pods Frameworks */ = {
			isa = PBXShellScriptBuildPhase;
			buildActionMask = 2147483647;
			files = (
			);
			inputFileListPaths = (
			);
			inputPaths = (
				"${SRCROOT}/Pods/Target Support Files/Pods-The Listener/Pods-The Listener-frameworks.sh",
				"${BUILT_PRODUCTS_DIR}/Alamofire/Alamofire.framework",
				"${BUILT_PRODUCTS_DIR}/GTMSessionFetcher/GTMSessionFetcher.framework",
				"${BUILT_PRODUCTS_DIR}/GoogleUtilities/GoogleUtilities.framework",
				"${BUILT_PRODUCTS_DIR}/nanopb/nanopb.framework",
			);
			name = "[CP] Embed Pods Frameworks";
			outputFileListPaths = (
			);
			outputPaths = (
				"${TARGET_BUILD_DIR}/${FRAMEWORKS_FOLDER_PATH}/Alamofire.framework",
				"${TARGET_BUILD_DIR}/${FRAMEWORKS_FOLDER_PATH}/GTMSessionFetcher.framework",
				"${TARGET_BUILD_DIR}/${FRAMEWORKS_FOLDER_PATH}/GoogleUtilities.framework",
				"${TARGET_BUILD_DIR}/${FRAMEWORKS_FOLDER_PATH}/nanopb.framework",
			);
			runOnlyForDeploymentPostprocessing = 0;
			shellPath = /bin/sh;
			shellScript = "\"${SRCROOT}/Pods/Target Support Files/Pods-The Listener/Pods-The Listener-frameworks.sh\"\n";
			showEnvVarsInLog = 0;
		};
		5ADB33CE4B784FE6E58AB859 /* [CP] Check Pods Manifest.lock */ = {
			isa = PBXShellScriptBuildPhase;
			buildActionMask = 2147483647;
			files = (
			);
			inputFileListPaths = (
			);
			inputPaths = (
				"${PODS_PODFILE_DIR_PATH}/Podfile.lock",
				"${PODS_ROOT}/Manifest.lock",
			);
			name = "[CP] Check Pods Manifest.lock";
			outputFileListPaths = (
			);
			outputPaths = (
				"$(DERIVED_FILE_DIR)/Pods-The Listener-checkManifestLockResult.txt",
			);
			runOnlyForDeploymentPostprocessing = 0;
			shellPath = /bin/sh;
			shellScript = "diff \"${PODS_PODFILE_DIR_PATH}/Podfile.lock\" \"${PODS_ROOT}/Manifest.lock\" > /dev/null\nif [ $? != 0 ] ; then\n    # print error to STDERR\n    echo \"error: The sandbox is not in sync with the Podfile.lock. Run 'pod install' or update your CocoaPods installation.\" >&2\n    exit 1\nfi\n# This output is used by Xcode 'outputs' to avoid re-running this script phase.\necho \"SUCCESS\" > \"${SCRIPT_OUTPUT_FILE_0}\"\n";
			showEnvVarsInLog = 0;
		};
		DFEDBFA0963B2F005128D7C8 /* [CP] Check Pods Manifest.lock */ = {
			isa = PBXShellScriptBuildPhase;
			buildActionMask = 2147483647;
			files = (
			);
			inputFileListPaths = (
			);
			inputPaths = (
				"${PODS_PODFILE_DIR_PATH}/Podfile.lock",
				"${PODS_ROOT}/Manifest.lock",
			);
			name = "[CP] Check Pods Manifest.lock";
			outputFileListPaths = (
			);
			outputPaths = (
				"$(DERIVED_FILE_DIR)/Pods-The ListenerUITests-checkManifestLockResult.txt",
			);
			runOnlyForDeploymentPostprocessing = 0;
			shellPath = /bin/sh;
			shellScript = "diff \"${PODS_PODFILE_DIR_PATH}/Podfile.lock\" \"${PODS_ROOT}/Manifest.lock\" > /dev/null\nif [ $? != 0 ] ; then\n    # print error to STDERR\n    echo \"error: The sandbox is not in sync with the Podfile.lock. Run 'pod install' or update your CocoaPods installation.\" >&2\n    exit 1\nfi\n# This output is used by Xcode 'outputs' to avoid re-running this script phase.\necho \"SUCCESS\" > \"${SCRIPT_OUTPUT_FILE_0}\"\n";
			showEnvVarsInLog = 0;
		};
/* End PBXShellScriptBuildPhase section */

/* Begin PBXSourcesBuildPhase section */
		610B79412144E86500AEEC0C /* Sources */ = {
			isa = PBXSourcesBuildPhase;
			buildActionMask = 2147483647;
			files = (
				154A6FFB21A9479B005B553F /* SongDetailsViewController.swift in Sources */,
				157F3E63222EF6BC006A9B2C /* SWRevealViewController.m in Sources */,
				612840652157D787006E9A99 /* Song.swift in Sources */,
				15CA1D78218386C00040163F /* RegisterViewController.swift in Sources */,
				612840612157C945006E9A99 /* SongTableViewCell.swift in Sources */,
				610B794B2144E86500AEEC0C /* ViewController.swift in Sources */,
				610B79492144E86500AEEC0C /* AppDelegate.swift in Sources */,
				159FEE2B2181D10B005B0683 /* LoginViewController.swift in Sources */,
				15EA21E8222BF3BC00692538 /* SearchTableViewController.swift in Sources */,
				157F3E47222D1F0D006A9B2C /* HomeTableViewController.swift in Sources */,
				615688822165E4480096C94F /* SongPlayerViewController.swift in Sources */,
				15EA21E6222BD46E00692538 /* SearchViewController.swift in Sources */,
				157F3E8C222F021C006A9B2C /* MenuTableViewController.swift in Sources */,
				154A6FF921A7F988005B553F /* ScannerViewController.swift in Sources */,
				610B79512144E86500AEEC0C /* The_Listener.xcdatamodeld in Sources */,
				15CA1D7621836FB60040163F /* ResendViewController.swift in Sources */,
				612840672157EB11006E9A99 /* SongViewController.swift in Sources */,
				157F3E49222D2B81006A9B2C /* HomeTableViewCell.swift in Sources */,
				157F3E4B222D3063006A9B2C /* HomeCollection.swift in Sources */,
				159FEE3521821280005B0683 /* ForgetViewController.swift in Sources */,
			);
			runOnlyForDeploymentPostprocessing = 0;
		};
		610B79582144E86500AEEC0C /* Sources */ = {
			isa = PBXSourcesBuildPhase;
			buildActionMask = 2147483647;
			files = (
				610B79612144E86500AEEC0C /* The_ListenerTests.swift in Sources */,
			);
			runOnlyForDeploymentPostprocessing = 0;
		};
		610B79632144E86500AEEC0C /* Sources */ = {
			isa = PBXSourcesBuildPhase;
			buildActionMask = 2147483647;
			files = (
				610B796C2144E86500AEEC0C /* The_ListenerUITests.swift in Sources */,
			);
			runOnlyForDeploymentPostprocessing = 0;
		};
/* End PBXSourcesBuildPhase section */

/* Begin PBXTargetDependency section */
		610B795E2144E86500AEEC0C /* PBXTargetDependency */ = {
			isa = PBXTargetDependency;
			target = 610B79442144E86500AEEC0C /* The Listener */;
			targetProxy = 610B795D2144E86500AEEC0C /* PBXContainerItemProxy */;
		};
		610B79692144E86500AEEC0C /* PBXTargetDependency */ = {
			isa = PBXTargetDependency;
			target = 610B79442144E86500AEEC0C /* The Listener */;
			targetProxy = 610B79682144E86500AEEC0C /* PBXContainerItemProxy */;
		};
/* End PBXTargetDependency section */

/* Begin PBXVariantGroup section */
		610B794C2144E86500AEEC0C /* Main.storyboard */ = {
			isa = PBXVariantGroup;
			children = (
				610B794D2144E86500AEEC0C /* Base */,
			);
			name = Main.storyboard;
			sourceTree = "<group>";
		};
		610B79542144E86500AEEC0C /* LaunchScreen.storyboard */ = {
			isa = PBXVariantGroup;
			children = (
				610B79552144E86500AEEC0C /* Base */,
			);
			name = LaunchScreen.storyboard;
			sourceTree = "<group>";
		};
/* End PBXVariantGroup section */

/* Begin XCBuildConfiguration section */
		610B796E2144E86500AEEC0C /* Debug */ = {
			isa = XCBuildConfiguration;
			buildSettings = {
				ALWAYS_SEARCH_USER_PATHS = NO;
				CLANG_ANALYZER_NONNULL = YES;
				CLANG_ANALYZER_NUMBER_OBJECT_CONVERSION = YES_AGGRESSIVE;
				CLANG_CXX_LANGUAGE_STANDARD = "gnu++14";
				CLANG_CXX_LIBRARY = "libc++";
				CLANG_ENABLE_MODULES = YES;
				CLANG_ENABLE_OBJC_ARC = YES;
				CLANG_WARN_BLOCK_CAPTURE_AUTORELEASING = YES;
				CLANG_WARN_BOOL_CONVERSION = YES;
				CLANG_WARN_COMMA = YES;
				CLANG_WARN_CONSTANT_CONVERSION = YES;
				CLANG_WARN_DIRECT_OBJC_ISA_USAGE = YES_ERROR;
				CLANG_WARN_DOCUMENTATION_COMMENTS = YES;
				CLANG_WARN_EMPTY_BODY = YES;
				CLANG_WARN_ENUM_CONVERSION = YES;
				CLANG_WARN_INFINITE_RECURSION = YES;
				CLANG_WARN_INT_CONVERSION = YES;
				CLANG_WARN_NON_LITERAL_NULL_CONVERSION = YES;
				CLANG_WARN_OBJC_LITERAL_CONVERSION = YES;
				CLANG_WARN_OBJC_ROOT_CLASS = YES_ERROR;
				CLANG_WARN_RANGE_LOOP_ANALYSIS = YES;
				CLANG_WARN_STRICT_PROTOTYPES = YES;
				CLANG_WARN_SUSPICIOUS_MOVE = YES;
				CLANG_WARN_UNGUARDED_AVAILABILITY = YES_AGGRESSIVE;
				CLANG_WARN_UNREACHABLE_CODE = YES;
				CLANG_WARN__DUPLICATE_METHOD_MATCH = YES;
				CODE_SIGN_IDENTITY = "iPhone Developer";
				COPY_PHASE_STRIP = NO;
				DEBUG_INFORMATION_FORMAT = dwarf;
				ENABLE_STRICT_OBJC_MSGSEND = YES;
				ENABLE_TESTABILITY = YES;
				GCC_C_LANGUAGE_STANDARD = gnu11;
				GCC_DYNAMIC_NO_PIC = NO;
				GCC_NO_COMMON_BLOCKS = YES;
				GCC_OPTIMIZATION_LEVEL = 0;
				GCC_PREPROCESSOR_DEFINITIONS = (
					"DEBUG=1",
					"$(inherited)",
				);
				GCC_WARN_64_TO_32_BIT_CONVERSION = YES;
				GCC_WARN_ABOUT_RETURN_TYPE = YES_ERROR;
				GCC_WARN_UNDECLARED_SELECTOR = YES;
				GCC_WARN_UNINITIALIZED_AUTOS = YES_AGGRESSIVE;
				GCC_WARN_UNUSED_FUNCTION = YES;
				GCC_WARN_UNUSED_VARIABLE = YES;
				IPHONEOS_DEPLOYMENT_TARGET = 11.2;
				MTL_ENABLE_DEBUG_INFO = YES;
				ONLY_ACTIVE_ARCH = YES;
				SDKROOT = iphoneos;
				SWIFT_ACTIVE_COMPILATION_CONDITIONS = DEBUG;
				SWIFT_OPTIMIZATION_LEVEL = "-Onone";
			};
			name = Debug;
		};
		610B796F2144E86500AEEC0C /* Release */ = {
			isa = XCBuildConfiguration;
			buildSettings = {
				ALWAYS_SEARCH_USER_PATHS = NO;
				CLANG_ANALYZER_NONNULL = YES;
				CLANG_ANALYZER_NUMBER_OBJECT_CONVERSION = YES_AGGRESSIVE;
				CLANG_CXX_LANGUAGE_STANDARD = "gnu++14";
				CLANG_CXX_LIBRARY = "libc++";
				CLANG_ENABLE_MODULES = YES;
				CLANG_ENABLE_OBJC_ARC = YES;
				CLANG_WARN_BLOCK_CAPTURE_AUTORELEASING = YES;
				CLANG_WARN_BOOL_CONVERSION = YES;
				CLANG_WARN_COMMA = YES;
				CLANG_WARN_CONSTANT_CONVERSION = YES;
				CLANG_WARN_DIRECT_OBJC_ISA_USAGE = YES_ERROR;
				CLANG_WARN_DOCUMENTATION_COMMENTS = YES;
				CLANG_WARN_EMPTY_BODY = YES;
				CLANG_WARN_ENUM_CONVERSION = YES;
				CLANG_WARN_INFINITE_RECURSION = YES;
				CLANG_WARN_INT_CONVERSION = YES;
				CLANG_WARN_NON_LITERAL_NULL_CONVERSION = YES;
				CLANG_WARN_OBJC_LITERAL_CONVERSION = YES;
				CLANG_WARN_OBJC_ROOT_CLASS = YES_ERROR;
				CLANG_WARN_RANGE_LOOP_ANALYSIS = YES;
				CLANG_WARN_STRICT_PROTOTYPES = YES;
				CLANG_WARN_SUSPICIOUS_MOVE = YES;
				CLANG_WARN_UNGUARDED_AVAILABILITY = YES_AGGRESSIVE;
				CLANG_WARN_UNREACHABLE_CODE = YES;
				CLANG_WARN__DUPLICATE_METHOD_MATCH = YES;
				CODE_SIGN_IDENTITY = "iPhone Developer";
				COPY_PHASE_STRIP = NO;
				DEBUG_INFORMATION_FORMAT = "dwarf-with-dsym";
				ENABLE_NS_ASSERTIONS = NO;
				ENABLE_STRICT_OBJC_MSGSEND = YES;
				GCC_C_LANGUAGE_STANDARD = gnu11;
				GCC_NO_COMMON_BLOCKS = YES;
				GCC_WARN_64_TO_32_BIT_CONVERSION = YES;
				GCC_WARN_ABOUT_RETURN_TYPE = YES_ERROR;
				GCC_WARN_UNDECLARED_SELECTOR = YES;
				GCC_WARN_UNINITIALIZED_AUTOS = YES_AGGRESSIVE;
				GCC_WARN_UNUSED_FUNCTION = YES;
				GCC_WARN_UNUSED_VARIABLE = YES;
				IPHONEOS_DEPLOYMENT_TARGET = 11.2;
				MTL_ENABLE_DEBUG_INFO = NO;
				SDKROOT = iphoneos;
				SWIFT_OPTIMIZATION_LEVEL = "-Owholemodule";
				VALIDATE_PRODUCT = YES;
			};
			name = Release;
		};
		610B79712144E86500AEEC0C /* Debug */ = {
			isa = XCBuildConfiguration;
			baseConfigurationReference = CEE74C2039D869B88E7C23CD /* Pods-The Listener.debug.xcconfig */;
			buildSettings = {
				ASSETCATALOG_COMPILER_APPICON_NAME = AppIcon;
				CLANG_ENABLE_MODULES = YES;
				CODE_SIGN_STYLE = Automatic;
				INFOPLIST_FILE = "The Listener/Info.plist";
				LD_RUNPATH_SEARCH_PATHS = "$(inherited) @executable_path/Frameworks";
				PRODUCT_BUNDLE_IDENTIFIER = "Mfireball.The-Listener";
				PRODUCT_NAME = "$(TARGET_NAME)";
				SWIFT_OBJC_BRIDGING_HEADER = "The Listener/The Listener-Bridging-Header.h";
				SWIFT_OPTIMIZATION_LEVEL = "-Onone";
				SWIFT_VERSION = 4.0;
				TARGETED_DEVICE_FAMILY = "1,2";
			};
			name = Debug;
		};
		610B79722144E86500AEEC0C /* Release */ = {
			isa = XCBuildConfiguration;
			baseConfigurationReference = 21907FF2E9C2E6507BA1890B /* Pods-The Listener.release.xcconfig */;
			buildSettings = {
				ASSETCATALOG_COMPILER_APPICON_NAME = AppIcon;
				CLANG_ENABLE_MODULES = YES;
				CODE_SIGN_STYLE = Automatic;
				INFOPLIST_FILE = "The Listener/Info.plist";
				LD_RUNPATH_SEARCH_PATHS = "$(inherited) @executable_path/Frameworks";
				PRODUCT_BUNDLE_IDENTIFIER = "Mfireball.The-Listener";
				PRODUCT_NAME = "$(TARGET_NAME)";
				SWIFT_OBJC_BRIDGING_HEADER = "The Listener/The Listener-Bridging-Header.h";
				SWIFT_VERSION = 4.0;
				TARGETED_DEVICE_FAMILY = "1,2";
			};
			name = Release;
		};
		610B79742144E86500AEEC0C /* Debug */ = {
			isa = XCBuildConfiguration;
			baseConfigurationReference = BE304A81F68A9231E1348B34 /* Pods-The ListenerTests.debug.xcconfig */;
			buildSettings = {
				ALWAYS_EMBED_SWIFT_STANDARD_LIBRARIES = YES;
				BUNDLE_LOADER = "$(TEST_HOST)";
				CODE_SIGN_STYLE = Automatic;
				INFOPLIST_FILE = "The ListenerTests/Info.plist";
				LD_RUNPATH_SEARCH_PATHS = "$(inherited) @executable_path/Frameworks @loader_path/Frameworks";
				PRODUCT_BUNDLE_IDENTIFIER = "Mfireball.The-ListenerTests";
				PRODUCT_NAME = "$(TARGET_NAME)";
				SWIFT_VERSION = 4.0;
				TARGETED_DEVICE_FAMILY = "1,2";
				TEST_HOST = "$(BUILT_PRODUCTS_DIR)/The Listener.app/The Listener";
			};
			name = Debug;
		};
		610B79752144E86500AEEC0C /* Release */ = {
			isa = XCBuildConfiguration;
			baseConfigurationReference = 1E414369C16370F509036B20 /* Pods-The ListenerTests.release.xcconfig */;
			buildSettings = {
				ALWAYS_EMBED_SWIFT_STANDARD_LIBRARIES = YES;
				BUNDLE_LOADER = "$(TEST_HOST)";
				CODE_SIGN_STYLE = Automatic;
				INFOPLIST_FILE = "The ListenerTests/Info.plist";
				LD_RUNPATH_SEARCH_PATHS = "$(inherited) @executable_path/Frameworks @loader_path/Frameworks";
				PRODUCT_BUNDLE_IDENTIFIER = "Mfireball.The-ListenerTests";
				PRODUCT_NAME = "$(TARGET_NAME)";
				SWIFT_VERSION = 4.0;
				TARGETED_DEVICE_FAMILY = "1,2";
				TEST_HOST = "$(BUILT_PRODUCTS_DIR)/The Listener.app/The Listener";
			};
			name = Release;
		};
		610B79772144E86500AEEC0C /* Debug */ = {
			isa = XCBuildConfiguration;
			baseConfigurationReference = 82C609B2F32B17709480A09C /* Pods-The ListenerUITests.debug.xcconfig */;
			buildSettings = {
				ALWAYS_EMBED_SWIFT_STANDARD_LIBRARIES = YES;
				CODE_SIGN_STYLE = Automatic;
				INFOPLIST_FILE = "The ListenerUITests/Info.plist";
				LD_RUNPATH_SEARCH_PATHS = "$(inherited) @executable_path/Frameworks @loader_path/Frameworks";
				PRODUCT_BUNDLE_IDENTIFIER = "Mfireball.The-ListenerUITests";
				PRODUCT_NAME = "$(TARGET_NAME)";
				SWIFT_VERSION = 4.0;
				TARGETED_DEVICE_FAMILY = "1,2";
				TEST_TARGET_NAME = "The Listener";
			};
			name = Debug;
		};
		610B79782144E86500AEEC0C /* Release */ = {
			isa = XCBuildConfiguration;
			baseConfigurationReference = E36C840BA01FA273186CD58B /* Pods-The ListenerUITests.release.xcconfig */;
			buildSettings = {
				ALWAYS_EMBED_SWIFT_STANDARD_LIBRARIES = YES;
				CODE_SIGN_STYLE = Automatic;
				INFOPLIST_FILE = "The ListenerUITests/Info.plist";
				LD_RUNPATH_SEARCH_PATHS = "$(inherited) @executable_path/Frameworks @loader_path/Frameworks";
				PRODUCT_BUNDLE_IDENTIFIER = "Mfireball.The-ListenerUITests";
				PRODUCT_NAME = "$(TARGET_NAME)";
				SWIFT_VERSION = 4.0;
				TARGETED_DEVICE_FAMILY = "1,2";
				TEST_TARGET_NAME = "The Listener";
			};
			name = Release;
		};
/* End XCBuildConfiguration section */

/* Begin XCConfigurationList section */
		610B79402144E86500AEEC0C /* Build configuration list for PBXProject "The Listener" */ = {
			isa = XCConfigurationList;
			buildConfigurations = (
				610B796E2144E86500AEEC0C /* Debug */,
				610B796F2144E86500AEEC0C /* Release */,
			);
			defaultConfigurationIsVisible = 0;
			defaultConfigurationName = Release;
		};
		610B79702144E86500AEEC0C /* Build configuration list for PBXNativeTarget "The Listener" */ = {
			isa = XCConfigurationList;
			buildConfigurations = (
				610B79712144E86500AEEC0C /* Debug */,
				610B79722144E86500AEEC0C /* Release */,
			);
			defaultConfigurationIsVisible = 0;
			defaultConfigurationName = Release;
		};
		610B79732144E86500AEEC0C /* Build configuration list for PBXNativeTarget "The ListenerTests" */ = {
			isa = XCConfigurationList;
			buildConfigurations = (
				610B79742144E86500AEEC0C /* Debug */,
				610B79752144E86500AEEC0C /* Release */,
			);
			defaultConfigurationIsVisible = 0;
			defaultConfigurationName = Release;
		};
		610B79762144E86500AEEC0C /* Build configuration list for PBXNativeTarget "The ListenerUITests" */ = {
			isa = XCConfigurationList;
			buildConfigurations = (
				610B79772144E86500AEEC0C /* Debug */,
				610B79782144E86500AEEC0C /* Release */,
			);
			defaultConfigurationIsVisible = 0;
			defaultConfigurationName = Release;
		};
/* End XCConfigurationList section */

/* Begin XCVersionGroup section */
		610B794F2144E86500AEEC0C /* The_Listener.xcdatamodeld */ = {
			isa = XCVersionGroup;
			children = (
				610B79502144E86500AEEC0C /* The_Listener.xcdatamodel */,
			);
			currentVersion = 610B79502144E86500AEEC0C /* The_Listener.xcdatamodel */;
			path = The_Listener.xcdatamodeld;
			sourceTree = "<group>";
			versionGroupType = wrapper.xcdatamodel;
		};
/* End XCVersionGroup section */
	};
	rootObject = 610B793D2144E86500AEEC0C /* Project object */;
}
